github.com/goccy/go-yaml v1.19.2 h1:PmFC1S6h8ljIz6gMRBopkjP1TVT7xuwrButHID66PoM=
github.com/goccy/go-yaml v1.19.2/go.mod h1:XBurs7gK8ATbW4ZPGKgcbrY1Br56PdM69F7LkFRi1kA=
github.com/stainedhead/agent-cli-core v0.1.0 h1:9Wc7b8WF5s/aen9Qzxi5u/emV8pFG+aax2OUvhYK6Cw=
github.com/stainedhead/agent-cli-core v0.1.0/go.mod h1:rKwoxrLc1tW8uv5Ylo6qF+yXD9Sp7KL5O3vorilTtW8=
